
Microsoft Visual Studio Solution File, Format Version 12.00
# Visual Studio Version 17
VisualStudioVersion = 17.2.32630.192
MinimumVisualStudioVersion = 10.0.40219.1
Project("{FAE04EC0-301F-11D3-BF4B-00C04F79EFBC}") = "Задачи к семинару 2", "Задачи к семинару 2.csproj", "{E87DFACE-2B50-47AF-9BDA-2D55447247A9}"
EndProject
Global
	GlobalSection(SolutionConfigurationPlatforms) = preSolution
		Debug|Any CPU = Debug|Any CPU
		Release|Any CPU = Release|Any CPU
	EndGlobalSection
	GlobalSection(ProjectConfigurationPlatforms) = postSolution
		{E87DFACE-2B50-47AF-9BDA-2D55447247A9}.Debug|Any CPU.ActiveCfg = Debug|Any CPU
		{E87DFACE-2B50-47AF-9BDA-2D55447247A9}.Debug|Any CPU.Build.0 = Debug|Any CPU
		{E87DFACE-2B50-47AF-9BDA-2D55447247A9}.Release|Any CPU.ActiveCfg = Release|Any CPU
		{E87DFACE-2B50-47AF-9BDA-2D55447247A9}.Release|Any CPU.Build.0 = Release|Any CPU
	EndGlobalSection
	GlobalSection(SolutionProperties) = preSolution
		HideSolutionNode = FALSE
	EndGlobalSection
	GlobalSection(ExtensibilityGlobals) = postSolution
		SolutionGuid = {FF5B51BC-0890-43A9-93D6-F05FF69574D9}
	EndGlobalSection
EndGlobal
